# This file is automatically @generated by Cargo.
# It is not intended for manual editing.
version = 4

[[package]]
name = "contact-gen"
version = "0.1.0"
dependencies = [
 "contact-set",
]

[[package]]
name = "contact-set"
version = "0.1.0"

[[package]]
name = "point-gen"
version = "0.1.0"
dependencies = [
 "contact-gen",
 "contact-set",
]
